// !$*UTF8*$!
{
	archiveVersion = 1;
	classes = {
	};
	objectVersion = 50;
	objects = {

/* Begin PBXBuildFile section */
		45EA862E0C5CFAFE9ED3A41F /* Pods_BularsTests.framework in Frameworks */ = {isa = PBXBuildFile; fileRef = FBFE5EC2F65F82834B912CBE /* Pods_BularsTests.framework */; };
		A759D1CDD3DCCCB16C0E8DAF /* Pods_BularsUITests.framework in Frameworks */ = {isa = PBXBuildFile; fileRef = 873EE9B8F918E078366732E1 /* Pods_BularsUITests.framework */; };
		D31C6E425FF92C28E7EE6A0A /* Pods_Bulars.framework in Frameworks */ = {isa = PBXBuildFile; fileRef = FEB7713F56D2CA79CDA1E495 /* Pods_Bulars.framework */; };
		FD070CA420F949E800B061FA /* AppDelegate.swift in Sources */ = {isa = PBXBuildFile; fileRef = FD070CA320F949E800B061FA /* AppDelegate.swift */; };
		FD070CAB20F949E900B061FA /* Assets.xcassets in Resources */ = {isa = PBXBuildFile; fileRef = FD070CAA20F949E900B061FA /* Assets.xcassets */; };
		FD070CB920F949EA00B061FA /* BularsTests.swift in Sources */ = {isa = PBXBuildFile; fileRef = FD070CB820F949EA00B061FA /* BularsTests.swift */; };
		FD070CC420F949EA00B061FA /* BularsUITests.swift in Sources */ = {isa = PBXBuildFile; fileRef = FD070CC320F949EA00B061FA /* BularsUITests.swift */; };
		FD0D0AAF21F64A1E00D1147E /* WebResultViewModel.swift in Sources */ = {isa = PBXBuildFile; fileRef = FD0D0AAE21F64A1E00D1147E /* WebResultViewModel.swift */; };
		FD78016521AC22A800D4D96A /* HomeViewModel.swift in Sources */ = {isa = PBXBuildFile; fileRef = FD78016421AC22A800D4D96A /* HomeViewModel.swift */; };
		FD78016A21AC5A8200D4D96A /* WebResultViewController.temp_caseinsensitive_rename.swift in Sources */ = {isa = PBXBuildFile; fileRef = FD78016921AC5A8200D4D96A /* WebResultViewController.temp_caseinsensitive_rename.swift */; };
		FD78016C21AC5BD800D4D96A /* WebResultViewController.xib in Resources */ = {isa = PBXBuildFile; fileRef = FD78016B21AC5BD800D4D96A /* WebResultViewController.xib */; };
		FDADBCCA2133087500615F5F /* AnalyticsEvents.swift in Sources */ = {isa = PBXBuildFile; fileRef = FDADBCC92133087500615F5F /* AnalyticsEvents.swift */; };
		FDBDCDE82110D9E9008EAA86 /* CameraManager.swift in Sources */ = {isa = PBXBuildFile; fileRef = FDBDCDE62110D9E9008EAA86 /* CameraManager.swift */; };
		FDC03DAC213253F800EE0DEA /* LoadingAlert + UIViewController.swift in Sources */ = {isa = PBXBuildFile; fileRef = FDC03DAB213253F800EE0DEA /* LoadingAlert + UIViewController.swift */; };
		FDCC8FDF21EE0146002AB962 /* GoogleService-Info.plist in Resources */ = {isa = PBXBuildFile; fileRef = FDCC8FDE21EE0146002AB962 /* GoogleService-Info.plist */; };
		FDCC8FE421EE54D4002AB962 /* Requester.swift in Sources */ = {isa = PBXBuildFile; fileRef = FDCC8FE321EE54D4002AB962 /* Requester.swift */; };
		FDD48843210F374700B93A49 /* HomeViewController.swift in Sources */ = {isa = PBXBuildFile; fileRef = FDD48841210F374700B93A49 /* HomeViewController.swift */; };
		FDD48844210F374700B93A49 /* HomeViewController.xib in Resources */ = {isa = PBXBuildFile; fileRef = FDD48842210F374700B93A49 /* HomeViewController.xib */; };
		FDD48846210F398B00B93A49 /* Main.storyboard in Resources */ = {isa = PBXBuildFile; fileRef = FDD48845210F398B00B93A49 /* Main.storyboard */; };
		FDEB21C921337CE9001FE269 /* ProfileViewController.swift in Sources */ = {isa = PBXBuildFile; fileRef = FDEB21C721337CE9001FE269 /* ProfileViewController.swift */; };
		FDEB21CA21337CE9001FE269 /* ProfileViewController.xib in Resources */ = {isa = PBXBuildFile; fileRef = FDEB21C821337CE9001FE269 /* ProfileViewController.xib */; };
		FDF072EB2155782D0078EB15 /* NavigationHandler.swift in Sources */ = {isa = PBXBuildFile; fileRef = FDF072EA2155782D0078EB15 /* NavigationHandler.swift */; };
		FDF072EE215583A60078EB15 /* UIColor+Hex.swift in Sources */ = {isa = PBXBuildFile; fileRef = FDF072ED215583A60078EB15 /* UIColor+Hex.swift */; };
		FDF6953B2124EB7900E244AA /* TextFilter.swift in Sources */ = {isa = PBXBuildFile; fileRef = FDF6953A2124EB7900E244AA /* TextFilter.swift */; };
		FDFDF00321AC6AAF009F53AB /* Localizable.strings in Resources */ = {isa = PBXBuildFile; fileRef = FDFDF00221AC6AAF009F53AB /* Localizable.strings */; };
/* End PBXBuildFile section */

/* Begin PBXContainerItemProxy section */
		FD070CB520F949EA00B061FA /* PBXContainerItemProxy */ = {
			isa = PBXContainerItemProxy;
			containerPortal = FD070C9820F949E800B061FA /* Project object */;
			proxyType = 1;
			remoteGlobalIDString = FD070C9F20F949E800B061FA;
			remoteInfo = Bulars;
		};
		FD070CC020F949EA00B061FA /* PBXContainerItemProxy */ = {
			isa = PBXContainerItemProxy;
			containerPortal = FD070C9820F949E800B061FA /* Project object */;
			proxyType = 1;
			remoteGlobalIDString = FD070C9F20F949E800B061FA;
			remoteInfo = Bulars;
		};
/* End PBXContainerItemProxy section */

/* Begin PBXFileReference section */
		49B0568ECBE3C242E111393A /* Pods-BularsUITests.debug.xcconfig */ = {isa = PBXFileReference; includeInIndex = 1; lastKnownFileType = text.xcconfig; name = "Pods-BularsUITests.debug.xcconfig"; path = "Pods/Target Support Files/Pods-BularsUITests/Pods-BularsUITests.debug.xcconfig"; sourceTree = "<group>"; };
		63BCE7008E774FC09C7CB3AB /* Pods-BularsUITests.release.xcconfig */ = {isa = PBXFileReference; includeInIndex = 1; lastKnownFileType = text.xcconfig; name = "Pods-BularsUITests.release.xcconfig"; path = "Pods/Target Support Files/Pods-BularsUITests/Pods-BularsUITests.release.xcconfig"; sourceTree = "<group>"; };
		873EE9B8F918E078366732E1 /* Pods_BularsUITests.framework */ = {isa = PBXFileReference; explicitFileType = wrapper.framework; includeInIndex = 0; path = Pods_BularsUITests.framework; sourceTree = BUILT_PRODUCTS_DIR; };
		A8F3DC5DD1D530E259A1BB5E /* Pods-BularsTests.release.xcconfig */ = {isa = PBXFileReference; includeInIndex = 1; lastKnownFileType = text.xcconfig; name = "Pods-BularsTests.release.xcconfig"; path = "Pods/Target Support Files/Pods-BularsTests/Pods-BularsTests.release.xcconfig"; sourceTree = "<group>"; };
		C9E066109467A70D00012D2F /* Pods-Bulars.release.xcconfig */ = {isa = PBXFileReference; includeInIndex = 1; lastKnownFileType = text.xcconfig; name = "Pods-Bulars.release.xcconfig"; path = "Pods/Target Support Files/Pods-Bulars/Pods-Bulars.release.xcconfig"; sourceTree = "<group>"; };
		F3DFEFCFA211FF7E0454B9EB /* Pods-Bulars.debug.xcconfig */ = {isa = PBXFileReference; includeInIndex = 1; lastKnownFileType = text.xcconfig; name = "Pods-Bulars.debug.xcconfig"; path = "Pods/Target Support Files/Pods-Bulars/Pods-Bulars.debug.xcconfig"; sourceTree = "<group>"; };
		FAA3AF82C092C85E5F3AE3F2 /* Pods-BularsTests.debug.xcconfig */ = {isa = PBXFileReference; includeInIndex = 1; lastKnownFileType = text.xcconfig; name = "Pods-BularsTests.debug.xcconfig"; path = "Pods/Target Support Files/Pods-BularsTests/Pods-BularsTests.debug.xcconfig"; sourceTree = "<group>"; };
		FBFE5EC2F65F82834B912CBE /* Pods_BularsTests.framework */ = {isa = PBXFileReference; explicitFileType = wrapper.framework; includeInIndex = 0; path = Pods_BularsTests.framework; sourceTree = BUILT_PRODUCTS_DIR; };
		FD070CA020F949E800B061FA /* Bulars.app */ = {isa = PBXFileReference; explicitFileType = wrapper.application; includeInIndex = 0; path = Bulars.app; sourceTree = BUILT_PRODUCTS_DIR; };
		FD070CA320F949E800B061FA /* AppDelegate.swift */ = {isa = PBXFileReference; lastKnownFileType = sourcecode.swift; path = AppDelegate.swift; sourceTree = "<group>"; };
		FD070CAA20F949E900B061FA /* Assets.xcassets */ = {isa = PBXFileReference; lastKnownFileType = folder.assetcatalog; path = Assets.xcassets; sourceTree = "<group>"; };
		FD070CAF20F949E900B061FA /* Info.plist */ = {isa = PBXFileReference; lastKnownFileType = text.plist.xml; path = Info.plist; sourceTree = "<group>"; };
		FD070CB420F949EA00B061FA /* BularsTests.xctest */ = {isa = PBXFileReference; explicitFileType = wrapper.cfbundle; includeInIndex = 0; path = BularsTests.xctest; sourceTree = BUILT_PRODUCTS_DIR; };
		FD070CB820F949EA00B061FA /* BularsTests.swift */ = {isa = PBXFileReference; lastKnownFileType = sourcecode.swift; path = BularsTests.swift; sourceTree = "<group>"; };
		FD070CBA20F949EA00B061FA /* Info.plist */ = {isa = PBXFileReference; lastKnownFileType = text.plist.xml; path = Info.plist; sourceTree = "<group>"; };
		FD070CBF20F949EA00B061FA /* BularsUITests.xctest */ = {isa = PBXFileReference; explicitFileType = wrapper.cfbundle; includeInIndex = 0; path = BularsUITests.xctest; sourceTree = BUILT_PRODUCTS_DIR; };
		FD070CC320F949EA00B061FA /* BularsUITests.swift */ = {isa = PBXFileReference; lastKnownFileType = sourcecode.swift; path = BularsUITests.swift; sourceTree = "<group>"; };
		FD070CC520F949EA00B061FA /* Info.plist */ = {isa = PBXFileReference; lastKnownFileType = text.plist.xml; path = Info.plist; sourceTree = "<group>"; };
		FD0D0AAE21F64A1E00D1147E /* WebResultViewModel.swift */ = {isa = PBXFileReference; lastKnownFileType = sourcecode.swift; path = WebResultViewModel.swift; sourceTree = "<group>"; };
		FD78016421AC22A800D4D96A /* HomeViewModel.swift */ = {isa = PBXFileReference; lastKnownFileType = sourcecode.swift; path = HomeViewModel.swift; sourceTree = "<group>"; };
		FD78016921AC5A8200D4D96A /* WebResultViewController.temp_caseinsensitive_rename.swift */ = {isa = PBXFileReference; fileEncoding = 4; lastKnownFileType = sourcecode.swift; path = WebResultViewController.temp_caseinsensitive_rename.swift; sourceTree = "<group>"; };
		FD78016B21AC5BD800D4D96A /* WebResultViewController.xib */ = {isa = PBXFileReference; fileEncoding = 4; lastKnownFileType = file.xib; path = WebResultViewController.xib; sourceTree = "<group>"; };
		FDADBCC92133087500615F5F /* AnalyticsEvents.swift */ = {isa = PBXFileReference; lastKnownFileType = sourcecode.swift; path = AnalyticsEvents.swift; sourceTree = "<group>"; };
		FDBDCDE62110D9E9008EAA86 /* CameraManager.swift */ = {isa = PBXFileReference; lastKnownFileType = sourcecode.swift; path = CameraManager.swift; sourceTree = "<group>"; };
		FDC03DAB213253F800EE0DEA /* LoadingAlert + UIViewController.swift */ = {isa = PBXFileReference; lastKnownFileType = sourcecode.swift; path = "LoadingAlert + UIViewController.swift"; sourceTree = "<group>"; };
		FDCC8FDE21EE0146002AB962 /* GoogleService-Info.plist */ = {isa = PBXFileReference; fileEncoding = 4; lastKnownFileType = text.plist.xml; path = "GoogleService-Info.plist"; sourceTree = "<group>"; };
		FDCC8FE321EE54D4002AB962 /* Requester.swift */ = {isa = PBXFileReference; lastKnownFileType = sourcecode.swift; path = Requester.swift; sourceTree = "<group>"; };
		FDD48841210F374700B93A49 /* HomeViewController.swift */ = {isa = PBXFileReference; lastKnownFileType = sourcecode.swift; path = HomeViewController.swift; sourceTree = "<group>"; };
		FDD48842210F374700B93A49 /* HomeViewController.xib */ = {isa = PBXFileReference; lastKnownFileType = file.xib; path = HomeViewController.xib; sourceTree = "<group>"; };
		FDD48845210F398B00B93A49 /* Main.storyboard */ = {isa = PBXFileReference; lastKnownFileType = file.storyboard; path = Main.storyboard; sourceTree = "<group>"; };
		FDEB21C721337CE9001FE269 /* ProfileViewController.swift */ = {isa = PBXFileReference; lastKnownFileType = sourcecode.swift; path = ProfileViewController.swift; sourceTree = "<group>"; };
		FDEB21C821337CE9001FE269 /* ProfileViewController.xib */ = {isa = PBXFileReference; lastKnownFileType = file.xib; path = ProfileViewController.xib; sourceTree = "<group>"; };
		FDF072EA2155782D0078EB15 /* NavigationHandler.swift */ = {isa = PBXFileReference; lastKnownFileType = sourcecode.swift; path = NavigationHandler.swift; sourceTree = "<group>"; };
		FDF072ED215583A60078EB15 /* UIColor+Hex.swift */ = {isa = PBXFileReference; lastKnownFileType = sourcecode.swift; path = "UIColor+Hex.swift"; sourceTree = "<group>"; };
		FDF6953A2124EB7900E244AA /* TextFilter.swift */ = {isa = PBXFileReference; lastKnownFileType = sourcecode.swift; path = TextFilter.swift; sourceTree = "<group>"; };
		FDFDF00221AC6AAF009F53AB /* Localizable.strings */ = {isa = PBXFileReference; lastKnownFileType = text.plist.strings; path = Localizable.strings; sourceTree = "<group>"; };
		FEB7713F56D2CA79CDA1E495 /* Pods_Bulars.framework */ = {isa = PBXFileReference; explicitFileType = wrapper.framework; includeInIndex = 0; path = Pods_Bulars.framework; sourceTree = BUILT_PRODUCTS_DIR; };
/* End PBXFileReference section */

/* Begin PBXFrameworksBuildPhase section */
		FD070C9D20F949E800B061FA /* Frameworks */ = {
			isa = PBXFrameworksBuildPhase;
			buildActionMask = 2147483647;
			files = (
				D31C6E425FF92C28E7EE6A0A /* Pods_Bulars.framework in Frameworks */,
			);
			runOnlyForDeploymentPostprocessing = 0;
		};
		FD070CB120F949EA00B061FA /* Frameworks */ = {
			isa = PBXFrameworksBuildPhase;
			buildActionMask = 2147483647;
			files = (
				45EA862E0C5CFAFE9ED3A41F /* Pods_BularsTests.framework in Frameworks */,
			);
			runOnlyForDeploymentPostprocessing = 0;
		};
		FD070CBC20F949EA00B061FA /* Frameworks */ = {
			isa = PBXFrameworksBuildPhase;
			buildActionMask = 2147483647;
			files = (
				A759D1CDD3DCCCB16C0E8DAF /* Pods_BularsUITests.framework in Frameworks */,
			);
			runOnlyForDeploymentPostprocessing = 0;
		};
/* End PBXFrameworksBuildPhase section */

/* Begin PBXGroup section */
		13D200352EE58A88D6161E41 /* Frameworks */ = {
			isa = PBXGroup;
			children = (
				FEB7713F56D2CA79CDA1E495 /* Pods_Bulars.framework */,
				FBFE5EC2F65F82834B912CBE /* Pods_BularsTests.framework */,
				873EE9B8F918E078366732E1 /* Pods_BularsUITests.framework */,
			);
			name = Frameworks;
			sourceTree = "<group>";
		};
		D4E2BF9ECB31E2B36EB130AA /* Pods */ = {
			isa = PBXGroup;
			children = (
				F3DFEFCFA211FF7E0454B9EB /* Pods-Bulars.debug.xcconfig */,
				C9E066109467A70D00012D2F /* Pods-Bulars.release.xcconfig */,
				FAA3AF82C092C85E5F3AE3F2 /* Pods-BularsTests.debug.xcconfig */,
				A8F3DC5DD1D530E259A1BB5E /* Pods-BularsTests.release.xcconfig */,
				49B0568ECBE3C242E111393A /* Pods-BularsUITests.debug.xcconfig */,
				63BCE7008E774FC09C7CB3AB /* Pods-BularsUITests.release.xcconfig */,
			);
			name = Pods;
			sourceTree = "<group>";
		};
		FD070C9720F949E800B061FA = {
			isa = PBXGroup;
			children = (
				FD070CA220F949E800B061FA /* Bulars */,
				FD070CB720F949EA00B061FA /* BularsTests */,
				FD070CC220F949EA00B061FA /* BularsUITests */,
				FD070CA120F949E800B061FA /* Products */,
				D4E2BF9ECB31E2B36EB130AA /* Pods */,
				13D200352EE58A88D6161E41 /* Frameworks */,
			);
			sourceTree = "<group>";
		};
		FD070CA120F949E800B061FA /* Products */ = {
			isa = PBXGroup;
			children = (
				FD070CA020F949E800B061FA /* Bulars.app */,
				FD070CB420F949EA00B061FA /* BularsTests.xctest */,
				FD070CBF20F949EA00B061FA /* BularsUITests.xctest */,
			);
			name = Products;
			sourceTree = "<group>";
		};
		FD070CA220F949E800B061FA /* Bulars */ = {
			isa = PBXGroup;
			children = (
				FDFDF00421AC6B33009F53AB /* App */,
				FDF695392124EB4500E244AA /* Components */,
				FDD4883E210F36DD00B93A49 /* Resources */,
				FDD4883F210F372A00B93A49 /* Screens */,
			);
			path = Bulars;
			sourceTree = "<group>";
		};
		FD070CB720F949EA00B061FA /* BularsTests */ = {
			isa = PBXGroup;
			children = (
				FD070CB820F949EA00B061FA /* BularsTests.swift */,
				FD070CBA20F949EA00B061FA /* Info.plist */,
			);
			path = BularsTests;
			sourceTree = "<group>";
		};
		FD070CC220F949EA00B061FA /* BularsUITests */ = {
			isa = PBXGroup;
			children = (
				FD070CC320F949EA00B061FA /* BularsUITests.swift */,
				FD070CC520F949EA00B061FA /* Info.plist */,
			);
			path = BularsUITests;
			sourceTree = "<group>";
		};
		FD453E72212C527300507CCD /* TextFilter */ = {
			isa = PBXGroup;
			children = (
				FDF6953A2124EB7900E244AA /* TextFilter.swift */,
			);
			path = TextFilter;
			sourceTree = "<group>";
		};
		FDADBCC82133084D00615F5F /* Analytics */ = {
			isa = PBXGroup;
			children = (
				FDADBCC92133087500615F5F /* AnalyticsEvents.swift */,
			);
			path = Analytics;
			sourceTree = "<group>";
		};
		FDBDCDE52110D9D2008EAA86 /* Camera */ = {
			isa = PBXGroup;
			children = (
				FDBDCDE62110D9E9008EAA86 /* CameraManager.swift */,
			);
			path = Camera;
			sourceTree = "<group>";
		};
		FDBDCDEA2110FC3C008EAA86 /* WebResult */ = {
			isa = PBXGroup;
			children = (
				FD78016B21AC5BD800D4D96A /* WebResultViewController.xib */,
				FD78016921AC5A8200D4D96A /* WebResultViewController.temp_caseinsensitive_rename.swift */,
				FD0D0AAE21F64A1E00D1147E /* WebResultViewModel.swift */,
			);
			path = WebResult;
			sourceTree = "<group>";
		};
		FDC03DAA213253B100EE0DEA /* LoadingAlert */ = {
			isa = PBXGroup;
			children = (
				FDC03DAB213253F800EE0DEA /* LoadingAlert + UIViewController.swift */,
			);
			name = LoadingAlert;
			path = "New Group";
			sourceTree = "<group>";
		};
		FDCC8FE221EE5491002AB962 /* Requester */ = {
			isa = PBXGroup;
			children = (
				FDCC8FE321EE54D4002AB962 /* Requester.swift */,
			);
			path = Requester;
			sourceTree = "<group>";
		};
		FDD4883E210F36DD00B93A49 /* Resources */ = {
			isa = PBXGroup;
			children = (
				FDFDF00521AC6CA0009F53AB /* Generated */,
				FD070CAF20F949E900B061FA /* Info.plist */,
				FDCC8FDE21EE0146002AB962 /* GoogleService-Info.plist */,
				FD070CAA20F949E900B061FA /* Assets.xcassets */,
				FDFDF00221AC6AAF009F53AB /* Localizable.strings */,
			);
			path = Resources;
			sourceTree = "<group>";
		};
		FDD4883F210F372A00B93A49 /* Screens */ = {
			isa = PBXGroup;
			children = (
				FDEB21C621337CC5001FE269 /* Profile */,
				FDBDCDEA2110FC3C008EAA86 /* WebResult */,
				FDD48840210F373200B93A49 /* Home */,
			);
			path = Screens;
			sourceTree = "<group>";
		};
		FDD48840210F373200B93A49 /* Home */ = {
			isa = PBXGroup;
			children = (
				FD78016421AC22A800D4D96A /* HomeViewModel.swift */,
				FDD48841210F374700B93A49 /* HomeViewController.swift */,
				FDD48842210F374700B93A49 /* HomeViewController.xib */,
			);
			path = Home;
			sourceTree = "<group>";
		};
		FDEB21C621337CC5001FE269 /* Profile */ = {
			isa = PBXGroup;
			children = (
				FDEB21C721337CE9001FE269 /* ProfileViewController.swift */,
				FDEB21C821337CE9001FE269 /* ProfileViewController.xib */,
			);
			path = Profile;
			sourceTree = "<group>";
		};
		FDF072EC215583860078EB15 /* Extensions */ = {
			isa = PBXGroup;
			children = (
				FDF072ED215583A60078EB15 /* UIColor+Hex.swift */,
			);
			path = Extensions;
			sourceTree = "<group>";
		};
		FDF695392124EB4500E244AA /* Components */ = {
			isa = PBXGroup;
			children = (
				FDCC8FE221EE5491002AB962 /* Requester */,
				FDF072EC215583860078EB15 /* Extensions */,
				FDADBCC82133084D00615F5F /* Analytics */,
				FDC03DAA213253B100EE0DEA /* LoadingAlert */,
				FD453E72212C527300507CCD /* TextFilter */,
				FDBDCDE52110D9D2008EAA86 /* Camera */,
			);
			path = Components;
			sourceTree = "<group>";
		};
		FDFDF00421AC6B33009F53AB /* App */ = {
			isa = PBXGroup;
			children = (
				FD070CA320F949E800B061FA /* AppDelegate.swift */,
				FDF072EA2155782D0078EB15 /* NavigationHandler.swift */,
				FDD48845210F398B00B93A49 /* Main.storyboard */,
			);
			path = App;
			sourceTree = "<group>";
		};
		FDFDF00521AC6CA0009F53AB /* Generated */ = {
			isa = PBXGroup;
			children = (
			);
			path = Generated;
			sourceTree = "<group>";
		};
/* End PBXGroup section */

/* Begin PBXNativeTarget section */
		FD070C9F20F949E800B061FA /* Bulars */ = {
			isa = PBXNativeTarget;
			buildConfigurationList = FD070CC820F949EA00B061FA /* Build configuration list for PBXNativeTarget "Bulars" */;
			buildPhases = (
				82F61406C2E6373CBFE75F72 /* [CP] Check Pods Manifest.lock */,
				FD070C9C20F949E800B061FA /* Sources */,
				FD78016621AC4F2B00D4D96A /* Run SwiftLint */,
				FD78016721AC4F4200D4D96A /* Run SwiftGen */,
				FD070C9D20F949E800B061FA /* Frameworks */,
				FD070C9E20F949E800B061FA /* Resources */,
				904D1413CF1EC13545D564E0 /* [CP] Embed Pods Frameworks */,
				943366A45D7A5F61D6005105 /* [CP] Copy Pods Resources */,
			);
			buildRules = (
			);
			dependencies = (
			);
			name = Bulars;
			productName = Bulars;
			productReference = FD070CA020F949E800B061FA /* Bulars.app */;
			productType = "com.apple.product-type.application";
		};
		FD070CB320F949EA00B061FA /* BularsTests */ = {
			isa = PBXNativeTarget;
			buildConfigurationList = FD070CCB20F949EA00B061FA /* Build configuration list for PBXNativeTarget "BularsTests" */;
			buildPhases = (
				53D2121E65D7CD2F479656A4 /* [CP] Check Pods Manifest.lock */,
				FD070CB020F949EA00B061FA /* Sources */,
				FD070CB120F949EA00B061FA /* Frameworks */,
				FD070CB220F949EA00B061FA /* Resources */,
			);
			buildRules = (
			);
			dependencies = (
				FD070CB620F949EA00B061FA /* PBXTargetDependency */,
			);
			name = BularsTests;
			productName = BularsTests;
			productReference = FD070CB420F949EA00B061FA /* BularsTests.xctest */;
			productType = "com.apple.product-type.bundle.unit-test";
		};
		FD070CBE20F949EA00B061FA /* BularsUITests */ = {
			isa = PBXNativeTarget;
			buildConfigurationList = FD070CCE20F949EA00B061FA /* Build configuration list for PBXNativeTarget "BularsUITests" */;
			buildPhases = (
				20CBBF4829D3B55734E399A8 /* [CP] Check Pods Manifest.lock */,
				FD070CBB20F949EA00B061FA /* Sources */,
				FD070CBC20F949EA00B061FA /* Frameworks */,
				FD070CBD20F949EA00B061FA /* Resources */,
			);
			buildRules = (
			);
			dependencies = (
				FD070CC120F949EA00B061FA /* PBXTargetDependency */,
			);
			name = BularsUITests;
			productName = BularsUITests;
			productReference = FD070CBF20F949EA00B061FA /* BularsUITests.xctest */;
			productType = "com.apple.product-type.bundle.ui-testing";
		};
/* End PBXNativeTarget section */

/* Begin PBXProject section */
		FD070C9820F949E800B061FA /* Project object */ = {
			isa = PBXProject;
			attributes = {
				LastSwiftUpdateCheck = 0940;
				LastUpgradeCheck = 0940;
				ORGANIZATIONNAME = "Murilo Dias";
				TargetAttributes = {
					FD070C9F20F949E800B061FA = {
						CreatedOnToolsVersion = 9.4.1;
					};
					FD070CB320F949EA00B061FA = {
						CreatedOnToolsVersion = 9.4.1;
						TestTargetID = FD070C9F20F949E800B061FA;
					};
					FD070CBE20F949EA00B061FA = {
						CreatedOnToolsVersion = 9.4.1;
						TestTargetID = FD070C9F20F949E800B061FA;
					};
				};
			};
			buildConfigurationList = FD070C9B20F949E800B061FA /* Build configuration list for PBXProject "Bulars" */;
			compatibilityVersion = "Xcode 9.3";
			developmentRegion = en;
			hasScannedForEncodings = 0;
			knownRegions = (
				en,
				Base,
			);
			mainGroup = FD070C9720F949E800B061FA;
			productRefGroup = FD070CA120F949E800B061FA /* Products */;
			projectDirPath = "";
			projectRoot = "";
			targets = (
				FD070C9F20F949E800B061FA /* Bulars */,
				FD070CB320F949EA00B061FA /* BularsTests */,
				FD070CBE20F949EA00B061FA /* BularsUITests */,
			);
		};
/* End PBXProject section */

/* Begin PBXResourcesBuildPhase section */
		FD070C9E20F949E800B061FA /* Resources */ = {
			isa = PBXResourcesBuildPhase;
			buildActionMask = 2147483647;
			files = (
				FD78016C21AC5BD800D4D96A /* WebResultViewController.xib in Resources */,
				FDCC8FDF21EE0146002AB962 /* GoogleService-Info.plist in Resources */,
				FDEB21CA21337CE9001FE269 /* ProfileViewController.xib in Resources */,
				FD070CAB20F949E900B061FA /* Assets.xcassets in Resources */,
				FDFDF00321AC6AAF009F53AB /* Localizable.strings in Resources */,
				FDD48844210F374700B93A49 /* HomeViewController.xib in Resources */,
				FDD48846210F398B00B93A49 /* Main.storyboard in Resources */,
			);
			runOnlyForDeploymentPostprocessing = 0;
		};
		FD070CB220F949EA00B061FA /* Resources */ = {
			isa = PBXResourcesBuildPhase;
			buildActionMask = 2147483647;
			files = (
			);
			runOnlyForDeploymentPostprocessing = 0;
		};
		FD070CBD20F949EA00B061FA /* Resources */ = {
			isa = PBXResourcesBuildPhase;
			buildActionMask = 2147483647;
			files = (
			);
			runOnlyForDeploymentPostprocessing = 0;
		};
/* End PBXResourcesBuildPhase section */

/* Begin PBXShellScriptBuildPhase section */
		20CBBF4829D3B55734E399A8 /* [CP] Check Pods Manifest.lock */ = {
			isa = PBXShellScriptBuildPhase;
			buildActionMask = 2147483647;
			files = (
			);
			inputPaths = (
				"${PODS_PODFILE_DIR_PATH}/Podfile.lock",
				"${PODS_ROOT}/Manifest.lock",
			);
			name = "[CP] Check Pods Manifest.lock";
			outputPaths = (
				"$(DERIVED_FILE_DIR)/Pods-BularsUITests-checkManifestLockResult.txt",
			);
			runOnlyForDeploymentPostprocessing = 0;
			shellPath = /bin/sh;
			shellScript = "diff \"${PODS_PODFILE_DIR_PATH}/Podfile.lock\" \"${PODS_ROOT}/Manifest.lock\" > /dev/null\nif [ $? != 0 ] ; then\n    # print error to STDERR\n    echo \"error: The sandbox is not in sync with the Podfile.lock. Run 'pod install' or update your CocoaPods installation.\" >&2\n    exit 1\nfi\n# This output is used by Xcode 'outputs' to avoid re-running this script phase.\necho \"SUCCESS\" > \"${SCRIPT_OUTPUT_FILE_0}\"\n";
			showEnvVarsInLog = 0;
		};
		53D2121E65D7CD2F479656A4 /* [CP] Check Pods Manifest.lock */ = {
			isa = PBXShellScriptBuildPhase;
			buildActionMask = 2147483647;
			files = (
			);
			inputPaths = (
				"${PODS_PODFILE_DIR_PATH}/Podfile.lock",
				"${PODS_ROOT}/Manifest.lock",
			);
			name = "[CP] Check Pods Manifest.lock";
			outputPaths = (
				"$(DERIVED_FILE_DIR)/Pods-BularsTests-checkManifestLockResult.txt",
			);
			runOnlyForDeploymentPostprocessing = 0;
			shellPath = /bin/sh;
			shellScript = "diff \"${PODS_PODFILE_DIR_PATH}/Podfile.lock\" \"${PODS_ROOT}/Manifest.lock\" > /dev/null\nif [ $? != 0 ] ; then\n    # print error to STDERR\n    echo \"error: The sandbox is not in sync with the Podfile.lock. Run 'pod install' or update your CocoaPods installation.\" >&2\n    exit 1\nfi\n# This output is used by Xcode 'outputs' to avoid re-running this script phase.\necho \"SUCCESS\" > \"${SCRIPT_OUTPUT_FILE_0}\"\n";
			showEnvVarsInLog = 0;
		};
		82F61406C2E6373CBFE75F72 /* [CP] Check Pods Manifest.lock */ = {
			isa = PBXShellScriptBuildPhase;
			buildActionMask = 2147483647;
			files = (
			);
			inputPaths = (
				"${PODS_PODFILE_DIR_PATH}/Podfile.lock",
				"${PODS_ROOT}/Manifest.lock",
			);
			name = "[CP] Check Pods Manifest.lock";
			outputPaths = (
				"$(DERIVED_FILE_DIR)/Pods-Bulars-checkManifestLockResult.txt",
			);
			runOnlyForDeploymentPostprocessing = 0;
			shellPath = /bin/sh;
			shellScript = "diff \"${PODS_PODFILE_DIR_PATH}/Podfile.lock\" \"${PODS_ROOT}/Manifest.lock\" > /dev/null\nif [ $? != 0 ] ; then\n    # print error to STDERR\n    echo \"error: The sandbox is not in sync with the Podfile.lock. Run 'pod install' or update your CocoaPods installation.\" >&2\n    exit 1\nfi\n# This output is used by Xcode 'outputs' to avoid re-running this script phase.\necho \"SUCCESS\" > \"${SCRIPT_OUTPUT_FILE_0}\"\n";
			showEnvVarsInLog = 0;
		};
		904D1413CF1EC13545D564E0 /* [CP] Embed Pods Frameworks */ = {
			isa = PBXShellScriptBuildPhase;
			buildActionMask = 2147483647;
			files = (
			);
			inputPaths = (
				"${PODS_ROOT}/Target Support Files/Pods-Bulars/Pods-Bulars-frameworks.sh",
				"${BUILT_PRODUCTS_DIR}/BoringSSL-GRPC/openssl_grpc.framework",
				"${BUILT_PRODUCTS_DIR}/GTMSessionFetcher/GTMSessionFetcher.framework",
				"${BUILT_PRODUCTS_DIR}/GoogleAPIClientForREST/GoogleAPIClientForREST.framework",
				"${BUILT_PRODUCTS_DIR}/GoogleToolboxForMac/GoogleToolboxForMac.framework",
				"${BUILT_PRODUCTS_DIR}/GoogleUtilities/GoogleUtilities.framework",
				"${BUILT_PRODUCTS_DIR}/Protobuf/Protobuf.framework",
				"${BUILT_PRODUCTS_DIR}/SwiftSoup/SwiftSoup.framework",
				"${BUILT_PRODUCTS_DIR}/gRPC-C++/grpcpp.framework",
				"${BUILT_PRODUCTS_DIR}/gRPC-Core/grpc.framework",
				"${BUILT_PRODUCTS_DIR}/leveldb-library/leveldb.framework",
				"${BUILT_PRODUCTS_DIR}/nanopb/nanopb.framework",
			);
			name = "[CP] Embed Pods Frameworks";
			outputPaths = (
				"${TARGET_BUILD_DIR}/${FRAMEWORKS_FOLDER_PATH}/openssl_grpc.framework",
				"${TARGET_BUILD_DIR}/${FRAMEWORKS_FOLDER_PATH}/GTMSessionFetcher.framework",
				"${TARGET_BUILD_DIR}/${FRAMEWORKS_FOLDER_PATH}/GoogleAPIClientForREST.framework",
				"${TARGET_BUILD_DIR}/${FRAMEWORKS_FOLDER_PATH}/GoogleToolboxForMac.framework",
				"${TARGET_BUILD_DIR}/${FRAMEWORKS_FOLDER_PATH}/GoogleUtilities.framework",
				"${TARGET_BUILD_DIR}/${FRAMEWORKS_FOLDER_PATH}/Protobuf.framework",
				"${TARGET_BUILD_DIR}/${FRAMEWORKS_FOLDER_PATH}/SwiftSoup.framework",
				"${TARGET_BUILD_DIR}/${FRAMEWORKS_FOLDER_PATH}/grpcpp.framework",
				"${TARGET_BUILD_DIR}/${FRAMEWORKS_FOLDER_PATH}/grpc.framework",
				"${TARGET_BUILD_DIR}/${FRAMEWORKS_FOLDER_PATH}/leveldb.framework",
				"${TARGET_BUILD_DIR}/${FRAMEWORKS_FOLDER_PATH}/nanopb.framework",
			);
			runOnlyForDeploymentPostprocessing = 0;
			shellPath = /bin/sh;
			shellScript = "\"${PODS_ROOT}/Target Support Files/Pods-Bulars/Pods-Bulars-frameworks.sh\"\n";
		};
		943366A45D7A5F61D6005105 /* [CP] Copy Pods Resources */ = {
			isa = PBXShellScriptBuildPhase;
			buildActionMask = 2147483647;
			files = (
			);
			inputFileListPaths = (
			);
			inputPaths = (
				"${PODS_ROOT}/Target Support Files/Pods-Bulars/Pods-Bulars-resources.sh",
				"${PODS_CONFIGURATION_BUILD_DIR}/FirebaseFirestore/gRPCCertificates.bundle",
				"${PODS_CONFIGURATION_BUILD_DIR}/GoogleMobileVision/GoogleMVTextDetectorResources.bundle",
			);
			name = "[CP] Copy Pods Resources";
			outputFileListPaths = (
			);
			outputPaths = (
				"${TARGET_BUILD_DIR}/${UNLOCALIZED_RESOURCES_FOLDER_PATH}/gRPCCertificates.bundle",
				"${TARGET_BUILD_DIR}/${UNLOCALIZED_RESOURCES_FOLDER_PATH}/GoogleMVTextDetectorResources.bundle",
			);
			runOnlyForDeploymentPostprocessing = 0;
			shellPath = /bin/sh;
			shellScript = "\"${PODS_ROOT}/Target Support Files/Pods-Bulars/Pods-Bulars-resources.sh\"\n";
			showEnvVarsInLog = 0;
		};
		FD78016621AC4F2B00D4D96A /* Run SwiftLint */ = {
			isa = PBXShellScriptBuildPhase;
			buildActionMask = 2147483647;
			files = (
			);
			inputFileListPaths = (
			);
			inputPaths = (
			);
			name = "Run SwiftLint";
			outputFileListPaths = (
			);
			outputPaths = (
			);
			runOnlyForDeploymentPostprocessing = 0;
			shellPath = /bin/sh;
			shellScript = "${PODS_ROOT}/SwiftLint/swiftlint --config $PROJECT_DIR/.swiftlint.yml\n";
		};
		FD78016721AC4F4200D4D96A /* Run SwiftGen */ = {
			isa = PBXShellScriptBuildPhase;
			buildActionMask = 2147483647;
			files = (
			);
			inputFileListPaths = (
			);
			inputPaths = (
			);
			name = "Run SwiftGen";
			outputFileListPaths = (
			);
			outputPaths = (
			);
			runOnlyForDeploymentPostprocessing = 0;
			shellPath = /bin/sh;
			shellScript = "$PODS_ROOT/SwiftGen/bin/swiftgen\n";
		};
/* End PBXShellScriptBuildPhase section */

/* Begin PBXSourcesBuildPhase section */
		FD070C9C20F949E800B061FA /* Sources */ = {
			isa = PBXSourcesBuildPhase;
			buildActionMask = 2147483647;
			files = (
				FDC03DAC213253F800EE0DEA /* LoadingAlert + UIViewController.swift in Sources */,
				FD070CA420F949E800B061FA /* AppDelegate.swift in Sources */,
				FDCC8FE421EE54D4002AB962 /* Requester.swift in Sources */,
				FD0D0AAF21F64A1E00D1147E /* WebResultViewModel.swift in Sources */,
				FDADBCCA2133087500615F5F /* AnalyticsEvents.swift in Sources */,
				FDD48843210F374700B93A49 /* HomeViewController.swift in Sources */,
				FDF6953B2124EB7900E244AA /* TextFilter.swift in Sources */,
				FDBDCDE82110D9E9008EAA86 /* CameraManager.swift in Sources */,
				FD78016521AC22A800D4D96A /* HomeViewModel.swift in Sources */,
				FDEB21C921337CE9001FE269 /* ProfileViewController.swift in Sources */,
				FDF072EB2155782D0078EB15 /* NavigationHandler.swift in Sources */,
				FDF072EE215583A60078EB15 /* UIColor+Hex.swift in Sources */,
				FD78016A21AC5A8200D4D96A /* WebResultViewController.temp_caseinsensitive_rename.swift in Sources */,
			);
			runOnlyForDeploymentPostprocessing = 0;
		};
		FD070CB020F949EA00B061FA /* Sources */ = {
			isa = PBXSourcesBuildPhase;
			buildActionMask = 2147483647;
			files = (
				FD070CB920F949EA00B061FA /* BularsTests.swift in Sources */,
			);
			runOnlyForDeploymentPostprocessing = 0;
		};
		FD070CBB20F949EA00B061FA /* Sources */ = {
			isa = PBXSourcesBuildPhase;
			buildActionMask = 2147483647;
			files = (
				FD070CC420F949EA00B061FA /* BularsUITests.swift in Sources */,
			);
			runOnlyForDeploymentPostprocessing = 0;
		};
/* End PBXSourcesBuildPhase section */

/* Begin PBXTargetDependency section */
		FD070CB620F949EA00B061FA /* PBXTargetDependency */ = {
			isa = PBXTargetDependency;
			target = FD070C9F20F949E800B061FA /* Bulars */;
			targetProxy = FD070CB520F949EA00B061FA /* PBXContainerItemProxy */;
		};
		FD070CC120F949EA00B061FA /* PBXTargetDependency */ = {
			isa = PBXTargetDependency;
			target = FD070C9F20F949E800B061FA /* Bulars */;
			targetProxy = FD070CC020F949EA00B061FA /* PBXContainerItemProxy */;
		};
/* End PBXTargetDependency section */

/* Begin XCBuildConfiguration section */
		FD070CC620F949EA00B061FA /* Debug */ = {
			isa = XCBuildConfiguration;
			buildSettings = {
				ALWAYS_SEARCH_USER_PATHS = NO;
				CLANG_ANALYZER_NONNULL = YES;
				CLANG_ANALYZER_NUMBER_OBJECT_CONVERSION = YES_AGGRESSIVE;
				CLANG_CXX_LANGUAGE_STANDARD = "gnu++14";
				CLANG_CXX_LIBRARY = "libc++";
				CLANG_ENABLE_MODULES = YES;
				CLANG_ENABLE_OBJC_ARC = YES;
				CLANG_ENABLE_OBJC_WEAK = YES;
				CLANG_WARN_BLOCK_CAPTURE_AUTORELEASING = YES;
				CLANG_WARN_BOOL_CONVERSION = YES;
				CLANG_WARN_COMMA = YES;
				CLANG_WARN_CONSTANT_CONVERSION = YES;
				CLANG_WARN_DEPRECATED_OBJC_IMPLEMENTATIONS = YES;
				CLANG_WARN_DIRECT_OBJC_ISA_USAGE = YES_ERROR;
				CLANG_WARN_DOCUMENTATION_COMMENTS = YES;
				CLANG_WARN_EMPTY_BODY = YES;
				CLANG_WARN_ENUM_CONVERSION = YES;
				CLANG_WARN_INFINITE_RECURSION = YES;
				CLANG_WARN_INT_CONVERSION = YES;
				CLANG_WARN_NON_LITERAL_NULL_CONVERSION = YES;
				CLANG_WARN_OBJC_IMPLICIT_RETAIN_SELF = YES;
				CLANG_WARN_OBJC_LITERAL_CONVERSION = YES;
				CLANG_WARN_OBJC_ROOT_CLASS = YES_ERROR;
				CLANG_WARN_RANGE_LOOP_ANALYSIS = YES;
				CLANG_WARN_STRICT_PROTOTYPES = YES;
				CLANG_WARN_SUSPICIOUS_MOVE = YES;
				CLANG_WARN_UNGUARDED_AVAILABILITY = YES_AGGRESSIVE;
				CLANG_WARN_UNREACHABLE_CODE = YES;
				CLANG_WARN__DUPLICATE_METHOD_MATCH = YES;
				CODE_SIGN_IDENTITY = "iPhone Developer";
				COPY_PHASE_STRIP = NO;
				DEBUG_INFORMATION_FORMAT = dwarf;
				ENABLE_STRICT_OBJC_MSGSEND = YES;
				ENABLE_TESTABILITY = YES;
				GCC_C_LANGUAGE_STANDARD = gnu11;
				GCC_DYNAMIC_NO_PIC = NO;
				GCC_NO_COMMON_BLOCKS = YES;
				GCC_OPTIMIZATION_LEVEL = 0;
				GCC_PREPROCESSOR_DEFINITIONS = (
					"DEBUG=1",
					"$(inherited)",
				);
				GCC_WARN_64_TO_32_BIT_CONVERSION = YES;
				GCC_WARN_ABOUT_RETURN_TYPE = YES_ERROR;
				GCC_WARN_UNDECLARED_SELECTOR = YES;
				GCC_WARN_UNINITIALIZED_AUTOS = YES_AGGRESSIVE;
				GCC_WARN_UNUSED_FUNCTION = YES;
				GCC_WARN_UNUSED_VARIABLE = YES;
				IPHONEOS_DEPLOYMENT_TARGET = 11.4;
				MTL_ENABLE_DEBUG_INFO = YES;
				ONLY_ACTIVE_ARCH = YES;
				SDKROOT = iphoneos;
				SWIFT_ACTIVE_COMPILATION_CONDITIONS = DEBUG;
				SWIFT_OPTIMIZATION_LEVEL = "-Onone";
			};
			name = Debug;
		};
		FD070CC720F949EA00B061FA /* Release */ = {
			isa = XCBuildConfiguration;
			buildSettings = {
				ALWAYS_SEARCH_USER_PATHS = NO;
				CLANG_ANALYZER_NONNULL = YES;
				CLANG_ANALYZER_NUMBER_OBJECT_CONVERSION = YES_AGGRESSIVE;
				CLANG_CXX_LANGUAGE_STANDARD = "gnu++14";
				CLANG_CXX_LIBRARY = "libc++";
				CLANG_ENABLE_MODULES = YES;
				CLANG_ENABLE_OBJC_ARC = YES;
				CLANG_ENABLE_OBJC_WEAK = YES;
				CLANG_WARN_BLOCK_CAPTURE_AUTORELEASING = YES;
				CLANG_WARN_BOOL_CONVERSION = YES;
				CLANG_WARN_COMMA = YES;
				CLANG_WARN_CONSTANT_CONVERSION = YES;
				CLANG_WARN_DEPRECATED_OBJC_IMPLEMENTATIONS = YES;
				CLANG_WARN_DIRECT_OBJC_ISA_USAGE = YES_ERROR;
				CLANG_WARN_DOCUMENTATION_COMMENTS = YES;
				CLANG_WARN_EMPTY_BODY = YES;
				CLANG_WARN_ENUM_CONVERSION = YES;
				CLANG_WARN_INFINITE_RECURSION = YES;
				CLANG_WARN_INT_CONVERSION = YES;
				CLANG_WARN_NON_LITERAL_NULL_CONVERSION = YES;
				CLANG_WARN_OBJC_IMPLICIT_RETAIN_SELF = YES;
				CLANG_WARN_OBJC_LITERAL_CONVERSION = YES;
				CLANG_WARN_OBJC_ROOT_CLASS = YES_ERROR;
				CLANG_WARN_RANGE_LOOP_ANALYSIS = YES;
				CLANG_WARN_STRICT_PROTOTYPES = YES;
				CLANG_WARN_SUSPICIOUS_MOVE = YES;
				CLANG_WARN_UNGUARDED_AVAILABILITY = YES_AGGRESSIVE;
				CLANG_WARN_UNREACHABLE_CODE = YES;
				CLANG_WARN__DUPLICATE_METHOD_MATCH = YES;
				CODE_SIGN_IDENTITY = "iPhone Developer";
				COPY_PHASE_STRIP = NO;
				DEBUG_INFORMATION_FORMAT = "dwarf-with-dsym";
				ENABLE_NS_ASSERTIONS = NO;
				ENABLE_STRICT_OBJC_MSGSEND = YES;
				GCC_C_LANGUAGE_STANDARD = gnu11;
				GCC_NO_COMMON_BLOCKS = YES;
				GCC_WARN_64_TO_32_BIT_CONVERSION = YES;
				GCC_WARN_ABOUT_RETURN_TYPE = YES_ERROR;
				GCC_WARN_UNDECLARED_SELECTOR = YES;
				GCC_WARN_UNINITIALIZED_AUTOS = YES_AGGRESSIVE;
				GCC_WARN_UNUSED_FUNCTION = YES;
				GCC_WARN_UNUSED_VARIABLE = YES;
				IPHONEOS_DEPLOYMENT_TARGET = 11.4;
				MTL_ENABLE_DEBUG_INFO = NO;
				SDKROOT = iphoneos;
				SWIFT_COMPILATION_MODE = wholemodule;
				SWIFT_OPTIMIZATION_LEVEL = "-O";
				VALIDATE_PRODUCT = YES;
			};
			name = Release;
		};
		FD070CC920F949EA00B061FA /* Debug */ = {
			isa = XCBuildConfiguration;
			baseConfigurationReference = F3DFEFCFA211FF7E0454B9EB /* Pods-Bulars.debug.xcconfig */;
			buildSettings = {
				ASSETCATALOG_COMPILER_APPICON_NAME = AppIcon;
				CODE_SIGN_STYLE = Automatic;
				DEVELOPMENT_TEAM = 3PG7SEBUB3;
				INFOPLIST_FILE = Bulars/Resources/Info.plist;
				IPHONEOS_DEPLOYMENT_TARGET = 11.0;
				LD_RUNPATH_SEARCH_PATHS = (
					"$(inherited)",
					"@executable_path/Frameworks",
				);
				PRODUCT_BUNDLE_IDENTIFIER = com.mauxin.Bulars;
				PRODUCT_NAME = "$(TARGET_NAME)";
				SWIFT_VERSION = 4.0;
				TARGETED_DEVICE_FAMILY = "1,2";
			};
			name = Debug;
		};
		FD070CCA20F949EA00B061FA /* Release */ = {
			isa = XCBuildConfiguration;
			baseConfigurationReference = C9E066109467A70D00012D2F /* Pods-Bulars.release.xcconfig */;
			buildSettings = {
				ASSETCATALOG_COMPILER_APPICON_NAME = AppIcon;
				CODE_SIGN_STYLE = Automatic;
				DEVELOPMENT_TEAM = 3PG7SEBUB3;
				INFOPLIST_FILE = Bulars/Resources/Info.plist;
				IPHONEOS_DEPLOYMENT_TARGET = 11.0;
				LD_RUNPATH_SEARCH_PATHS = (
					"$(inherited)",
					"@executable_path/Frameworks",
				);
				PRODUCT_BUNDLE_IDENTIFIER = com.mauxin.Bulars;
				PRODUCT_NAME = "$(TARGET_NAME)";
				SWIFT_VERSION = 4.0;
				TARGETED_DEVICE_FAMILY = "1,2";
			};
			name = Release;
		};
		FD070CCC20F949EA00B061FA /* Debug */ = {
			isa = XCBuildConfiguration;
			baseConfigurationReference = FAA3AF82C092C85E5F3AE3F2 /* Pods-BularsTests.debug.xcconfig */;
			buildSettings = {
				ALWAYS_EMBED_SWIFT_STANDARD_LIBRARIES = YES;
				BUNDLE_LOADER = "$(TEST_HOST)";
				CODE_SIGN_STYLE = Automatic;
				INFOPLIST_FILE = BularsTests/Info.plist;
				LD_RUNPATH_SEARCH_PATHS = (
					"$(inherited)",
					"@executable_path/Frameworks",
					"@loader_path/Frameworks",
				);
				PRODUCT_BUNDLE_IDENTIFIER = com.movile.BularsTests;
				PRODUCT_NAME = "$(TARGET_NAME)";
				SWIFT_VERSION = 4.0;
				TARGETED_DEVICE_FAMILY = "1,2";
				TEST_HOST = "$(BUILT_PRODUCTS_DIR)/Bulars.app/Bulars";
			};
			name = Debug;
		};
		FD070CCD20F949EA00B061FA /* Release */ = {
			isa = XCBuildConfiguration;
			baseConfigurationReference = A8F3DC5DD1D530E259A1BB5E /* Pods-BularsTests.release.xcconfig */;
			buildSettings = {
				ALWAYS_EMBED_SWIFT_STANDARD_LIBRARIES = YES;
				BUNDLE_LOADER = "$(TEST_HOST)";
				CODE_SIGN_STYLE = Automatic;
				INFOPLIST_FILE = BularsTests/Info.plist;
				LD_RUNPATH_SEARCH_PATHS = (
					"$(inherited)",
					"@executable_path/Frameworks",
					"@loader_path/Frameworks",
				);
				PRODUCT_BUNDLE_IDENTIFIER = com.movile.BularsTests;
				PRODUCT_NAME = "$(TARGET_NAME)";
				SWIFT_VERSION = 4.0;
				TARGETED_DEVICE_FAMILY = "1,2";
				TEST_HOST = "$(BUILT_PRODUCTS_DIR)/Bulars.app/Bulars";
			};
			name = Release;
		};
		FD070CCF20F949EA00B061FA /* Debug */ = {
			isa = XCBuildConfiguration;
			baseConfigurationReference = 49B0568ECBE3C242E111393A /* Pods-BularsUITests.debug.xcconfig */;
			buildSettings = {
				ALWAYS_EMBED_SWIFT_STANDARD_LIBRARIES = YES;
				CODE_SIGN_STYLE = Automatic;
				INFOPLIST_FILE = BularsUITests/Info.plist;
				LD_RUNPATH_SEARCH_PATHS = (
					"$(inherited)",
					"@executable_path/Frameworks",
					"@loader_path/Frameworks",
				);
				PRODUCT_BUNDLE_IDENTIFIER = com.movile.BularsUITests;
				PRODUCT_NAME = "$(TARGET_NAME)";
				SWIFT_VERSION = 4.0;
				TARGETED_DEVICE_FAMILY = "1,2";
				TEST_TARGET_NAME = Bulars;
			};
			name = Debug;
		};
		FD070CD020F949EA00B061FA /* Release */ = {
			isa = XCBuildConfiguration;
			baseConfigurationReference = 63BCE7008E774FC09C7CB3AB /* Pods-BularsUITests.release.xcconfig */;
			buildSettings = {
				ALWAYS_EMBED_SWIFT_STANDARD_LIBRARIES = YES;
				CODE_SIGN_STYLE = Automatic;
				INFOPLIST_FILE = BularsUITests/Info.plist;
				LD_RUNPATH_SEARCH_PATHS = (
					"$(inherited)",
					"@executable_path/Frameworks",
					"@loader_path/Frameworks",
				);
				PRODUCT_BUNDLE_IDENTIFIER = com.movile.BularsUITests;
				PRODUCT_NAME = "$(TARGET_NAME)";
				SWIFT_VERSION = 4.0;
				TARGETED_DEVICE_FAMILY = "1,2";
				TEST_TARGET_NAME = Bulars;
			};
			name = Release;
		};
/* End XCBuildConfiguration section */

/* Begin XCConfigurationList section */
		FD070C9B20F949E800B061FA /* Build configuration list for PBXProject "Bulars" */ = {
			isa = XCConfigurationList;
			buildConfigurations = (
				FD070CC620F949EA00B061FA /* Debug */,
				FD070CC720F949EA00B061FA /* Release */,
			);
			defaultConfigurationIsVisible = 0;
			defaultConfigurationName = Release;
		};
		FD070CC820F949EA00B061FA /* Build configuration list for PBXNativeTarget "Bulars" */ = {
			isa = XCConfigurationList;
			buildConfigurations = (
				FD070CC920F949EA00B061FA /* Debug */,
				FD070CCA20F949EA00B061FA /* Release */,
			);
			defaultConfigurationIsVisible = 0;
			defaultConfigurationName = Release;
		};
		FD070CCB20F949EA00B061FA /* Build configuration list for PBXNativeTarget "BularsTests" */ = {
			isa = XCConfigurationList;
			buildConfigurations = (
				FD070CCC20F949EA00B061FA /* Debug */,
				FD070CCD20F949EA00B061FA /* Release */,
			);
			defaultConfigurationIsVisible = 0;
			defaultConfigurationName = Release;
		};
		FD070CCE20F949EA00B061FA /* Build configuration list for PBXNativeTarget "BularsUITests" */ = {
			isa = XCConfigurationList;
			buildConfigurations = (
				FD070CCF20F949EA00B061FA /* Debug */,
				FD070CD020F949EA00B061FA /* Release */,
			);
			defaultConfigurationIsVisible = 0;
			defaultConfigurationName = Release;
		};
/* End XCConfigurationList section */
	};
	rootObject = FD070C9820F949E800B061FA /* Project object */;
}
